
Microsoft Visual Studio Solution File, Format Version 12.00
# Visual Studio Version 16
VisualStudioVersion = 16.0.30413.136
MinimumVisualStudioVersion = 10.0.40219.1
Project("{9A19103F-16F7-4668-BE54-9A1E7A4F7556}") = "e-commerce", "e-commerce\e-commerce.csproj", "{734CE745-9FD4-4D38-9B47-207FF36EB869}"
EndProject
Project("{FAE04EC0-301F-11D3-BF4B-00C04F79EFBC}") = "Core", "Core\Core.csproj", "{E7EEE92B-B05B-4295-8557-BC2C0ADA12DA}"
EndProject
Project("{FAE04EC0-301F-11D3-BF4B-00C04F79EFBC}") = "InfraStructure", "InfraStructure\InfraStructure.csproj", "{23BDF227-CAAB-42EB-A255-EA7558EB5F51}"
EndProject
Global
	GlobalSection(SolutionConfigurationPlatforms) = preSolution
		Debug|Any CPU = Debug|Any CPU
		Release|Any CPU = Release|Any CPU
	EndGlobalSection
	GlobalSection(ProjectConfigurationPlatforms) = postSolution
		{734CE745-9FD4-4D38-9B47-207FF36EB869}.Debug|Any CPU.ActiveCfg = Debug|Any CPU
		{734CE745-9FD4-4D38-9B47-207FF36EB869}.Debug|Any CPU.Build.0 = Debug|Any CPU
		{734CE745-9FD4-4D38-9B47-207FF36EB869}.Release|Any CPU.ActiveCfg = Release|Any CPU
		{734CE745-9FD4-4D38-9B47-207FF36EB869}.Release|Any CPU.Build.0 = Release|Any CPU
		{E7EEE92B-B05B-4295-8557-BC2C0ADA12DA}.Debug|Any CPU.ActiveCfg = Debug|Any CPU
		{E7EEE92B-B05B-4295-8557-BC2C0ADA12DA}.Debug|Any CPU.Build.0 = Debug|Any CPU
		{E7EEE92B-B05B-4295-8557-BC2C0ADA12DA}.Release|Any CPU.ActiveCfg = Release|Any CPU
		{E7EEE92B-B05B-4295-8557-BC2C0ADA12DA}.Release|Any CPU.Build.0 = Release|Any CPU
		{23BDF227-CAAB-42EB-A255-EA7558EB5F51}.Debug|Any CPU.ActiveCfg = Debug|Any CPU
		{23BDF227-CAAB-42EB-A255-EA7558EB5F51}.Debug|Any CPU.Build.0 = Debug|Any CPU
		{23BDF227-CAAB-42EB-A255-EA7558EB5F51}.Release|Any CPU.ActiveCfg = Release|Any CPU
		{23BDF227-CAAB-42EB-A255-EA7558EB5F51}.Release|Any CPU.Build.0 = Release|Any CPU
	EndGlobalSection
	GlobalSection(SolutionProperties) = preSolution
		HideSolutionNode = FALSE
	EndGlobalSection
	GlobalSection(ExtensibilityGlobals) = postSolution
		SolutionGuid = {A48CC27E-6351-4531-8576-EF42D15BF369}
	EndGlobalSection
EndGlobal
